
Microsoft Visual Studio Solution File, Format Version 12.00
# Visual Studio Version 17
VisualStudioVersion = 17.8.34525.116
MinimumVisualStudioVersion = 10.0.40219.1
Project("{9A19103F-16F7-4668-BE54-9A1E7A4F7556}") = "StringBuilderExtensions", "StringBuilderExtensions\StringBuilderExtensions.csproj", "{521984C7-9060-4E14-AC0F-8521A953F498}"
EndProject
Project("{2150E333-8FDC-42A3-9474-1A3956D46DE8}") = "Solution Items", "Solution Items", "{B0971836-0481-49DC-8961-746AD11FA943}"
	ProjectSection(SolutionItems) = preProject
		.editorconfig = .editorconfig
		.gitignore = .gitignore
		build.cmd = build.cmd
		checkinTest.cmd = checkinTest.cmd
		CopyrightChecks.cmd = CopyrightChecks.cmd
		Directory.Build.Props = Directory.Build.Props
		LICENSE = LICENSE
		README.md = README.md
	EndProjectSection
EndProject
Project("{9A19103F-16F7-4668-BE54-9A1E7A4F7556}") = "StringBuilderExtensionsUT", "StringBuilderExtensionsUT\StringBuilderExtensionsUT.csproj", "{037DB946-045C-4A6B-A239-50FD021E078E}"
EndProject
Global
	GlobalSection(SolutionConfigurationPlatforms) = preSolution
		Debug|Any CPU = Debug|Any CPU
		Release|Any CPU = Release|Any CPU
	EndGlobalSection
	GlobalSection(ProjectConfigurationPlatforms) = postSolution
		{521984C7-9060-4E14-AC0F-8521A953F498}.Debug|Any CPU.ActiveCfg = Debug|Any CPU
		{521984C7-9060-4E14-AC0F-8521A953F498}.Debug|Any CPU.Build.0 = Debug|Any CPU
		{521984C7-9060-4E14-AC0F-8521A953F498}.Release|Any CPU.ActiveCfg = Release|Any CPU
		{521984C7-9060-4E14-AC0F-8521A953F498}.Release|Any CPU.Build.0 = Release|Any CPU
		{037DB946-045C-4A6B-A239-50FD021E078E}.Debug|Any CPU.ActiveCfg = Debug|Any CPU
		{037DB946-045C-4A6B-A239-50FD021E078E}.Debug|Any CPU.Build.0 = Debug|Any CPU
		{037DB946-045C-4A6B-A239-50FD021E078E}.Release|Any CPU.ActiveCfg = Release|Any CPU
		{037DB946-045C-4A6B-A239-50FD021E078E}.Release|Any CPU.Build.0 = Release|Any CPU
	EndGlobalSection
	GlobalSection(SolutionProperties) = preSolution
		HideSolutionNode = FALSE
	EndGlobalSection
	GlobalSection(ExtensibilityGlobals) = postSolution
		SolutionGuid = {67ADCFDC-CC4B-4261-8C9B-B643287BE50D}
	EndGlobalSection
EndGlobal
